
Microsoft Visual Studio Solution File, Format Version 12.00
# Visual Studio Version 17
VisualStudioVersion = 17.2.32526.322
MinimumVisualStudioVersion = 10.0.40219.1
Project("{9A19103F-16F7-4668-BE54-9A1E7A4F7556}") = "EntityModels", "EntityModelsSqlite\EntityModels.csproj", "{EFA88FA5-50ED-402F-A5EB-E57CF95C8CA4}"
EndProject
Project("{9A19103F-16F7-4668-BE54-9A1E7A4F7556}") = "DataContextSqlite", "DataContextSqlite\DataContextSqlite.csproj", "{105AC33A-4CE1-4381-A2E1-21AE4A61413A}"
EndProject
Project("{9A19103F-16F7-4668-BE54-9A1E7A4F7556}") = "PalletStorage.WebApi", "PalletStorageWebApi\PalletStorage.WebApi.csproj", "{480F2981-EE45-413A-9D8E-D27196038F48}"
EndProject
Project("{9A19103F-16F7-4668-BE54-9A1E7A4F7556}") = "PalletStorage.Common", "PalletStorage.Common\PalletStorage.Common.csproj", "{E3B33271-1675-4D0C-9570-0784D9928781}"
EndProject
Project("{9A19103F-16F7-4668-BE54-9A1E7A4F7556}") = "PalletStorage.Converters", "PalletStorage.Converters\PalletStorage.Converters.csproj", "{FBD4EAD8-735F-47F5-83D6-D623A0E5DF4F}"
EndProject
Project("{9A19103F-16F7-4668-BE54-9A1E7A4F7556}") = "PalletStorageTests", "PalletStorageTests\PalletStorageTests.csproj", "{FDD1F246-BE9D-40AB-9F78-9B927E3E20D4}"
EndProject
Global
	GlobalSection(SolutionConfigurationPlatforms) = preSolution
		Debug|Any CPU = Debug|Any CPU
		Release|Any CPU = Release|Any CPU
	EndGlobalSection
	GlobalSection(ProjectConfigurationPlatforms) = postSolution
		{EFA88FA5-50ED-402F-A5EB-E57CF95C8CA4}.Debug|Any CPU.ActiveCfg = Debug|Any CPU
		{EFA88FA5-50ED-402F-A5EB-E57CF95C8CA4}.Debug|Any CPU.Build.0 = Debug|Any CPU
		{EFA88FA5-50ED-402F-A5EB-E57CF95C8CA4}.Release|Any CPU.ActiveCfg = Release|Any CPU
		{EFA88FA5-50ED-402F-A5EB-E57CF95C8CA4}.Release|Any CPU.Build.0 = Release|Any CPU
		{105AC33A-4CE1-4381-A2E1-21AE4A61413A}.Debug|Any CPU.ActiveCfg = Debug|Any CPU
		{105AC33A-4CE1-4381-A2E1-21AE4A61413A}.Debug|Any CPU.Build.0 = Debug|Any CPU
		{105AC33A-4CE1-4381-A2E1-21AE4A61413A}.Release|Any CPU.ActiveCfg = Release|Any CPU
		{105AC33A-4CE1-4381-A2E1-21AE4A61413A}.Release|Any CPU.Build.0 = Release|Any CPU
		{480F2981-EE45-413A-9D8E-D27196038F48}.Debug|Any CPU.ActiveCfg = Debug|Any CPU
		{480F2981-EE45-413A-9D8E-D27196038F48}.Debug|Any CPU.Build.0 = Debug|Any CPU
		{480F2981-EE45-413A-9D8E-D27196038F48}.Release|Any CPU.ActiveCfg = Release|Any CPU
		{480F2981-EE45-413A-9D8E-D27196038F48}.Release|Any CPU.Build.0 = Release|Any CPU
		{E3B33271-1675-4D0C-9570-0784D9928781}.Debug|Any CPU.ActiveCfg = Debug|Any CPU
		{E3B33271-1675-4D0C-9570-0784D9928781}.Debug|Any CPU.Build.0 = Debug|Any CPU
		{E3B33271-1675-4D0C-9570-0784D9928781}.Release|Any CPU.ActiveCfg = Release|Any CPU
		{E3B33271-1675-4D0C-9570-0784D9928781}.Release|Any CPU.Build.0 = Release|Any CPU
		{FBD4EAD8-735F-47F5-83D6-D623A0E5DF4F}.Debug|Any CPU.ActiveCfg = Debug|Any CPU
		{FBD4EAD8-735F-47F5-83D6-D623A0E5DF4F}.Debug|Any CPU.Build.0 = Debug|Any CPU
		{FBD4EAD8-735F-47F5-83D6-D623A0E5DF4F}.Release|Any CPU.ActiveCfg = Release|Any CPU
		{FBD4EAD8-735F-47F5-83D6-D623A0E5DF4F}.Release|Any CPU.Build.0 = Release|Any CPU
		{FDD1F246-BE9D-40AB-9F78-9B927E3E20D4}.Debug|Any CPU.ActiveCfg = Debug|Any CPU
		{FDD1F246-BE9D-40AB-9F78-9B927E3E20D4}.Debug|Any CPU.Build.0 = Debug|Any CPU
		{FDD1F246-BE9D-40AB-9F78-9B927E3E20D4}.Release|Any CPU.ActiveCfg = Release|Any CPU
		{FDD1F246-BE9D-40AB-9F78-9B927E3E20D4}.Release|Any CPU.Build.0 = Release|Any CPU
	EndGlobalSection
	GlobalSection(SolutionProperties) = preSolution
		HideSolutionNode = FALSE
	EndGlobalSection
	GlobalSection(ExtensibilityGlobals) = postSolution
		SolutionGuid = {F8E2ABFF-EC51-4EA2-9F0A-BFBC4FDBACAF}
	EndGlobalSection
EndGlobal
