
Microsoft Visual Studio Solution File, Format Version 12.00
# Visual Studio Version 17
VisualStudioVersion = 17.2.32526.322
MinimumVisualStudioVersion = 10.0.40219.1
Project("{9A19103F-16F7-4668-BE54-9A1E7A4F7556}") = "PalletStorage.Common", "PalletStorage.Common\PalletStorage.Common.csproj", "{E3B33271-1675-4D0C-9570-0784D9928781}"
EndProject
Project("{9A19103F-16F7-4668-BE54-9A1E7A4F7556}") = "PalletStorage.Tests", "PalletStorage.Tests\PalletStorage.Tests.csproj", "{978096C4-2AAC-4D31-93BD-870247D82EC6}"
EndProject
Project("{9A19103F-16F7-4668-BE54-9A1E7A4F7556}") = "PalletStorage.WebApi", "PalletStorage.WebApi\PalletStorage.WebApi.csproj", "{965D2C67-EFB8-4549-AD67-3AF4C13B3814}"
EndProject
Project("{9A19103F-16F7-4668-BE54-9A1E7A4F7556}") = "PalletStorage.WebApi.Models", "PalletStorage.WebApi.Models\PalletStorage.WebApi.Models.csproj", "{467DF7F1-E0AB-4145-ACFB-0AC96EDE74A2}"
EndProject
Project("{9A19103F-16F7-4668-BE54-9A1E7A4F7556}") = "PalletStorage.Repositories", "PalletStorage.Repositories\PalletStorage.Repositories.csproj", "{F1854F70-BEEC-4DA3-B4C5-B2761B885662}"
EndProject
Project("{9A19103F-16F7-4668-BE54-9A1E7A4F7556}") = "DataContext.Models", "DataContext.Models\DataContext.Models.csproj", "{2D4E7063-5D4A-4E91-B299-4A1C27199E3D}"
EndProject
Project("{9A19103F-16F7-4668-BE54-9A1E7A4F7556}") = "DataContext", "DataContext\DataContext.csproj", "{16A418FA-F1A3-4023-9175-537C82007390}"
EndProject
Global
	GlobalSection(SolutionConfigurationPlatforms) = preSolution
		Debug|Any CPU = Debug|Any CPU
		Release|Any CPU = Release|Any CPU
	EndGlobalSection
	GlobalSection(ProjectConfigurationPlatforms) = postSolution
		{E3B33271-1675-4D0C-9570-0784D9928781}.Debug|Any CPU.ActiveCfg = Debug|Any CPU
		{E3B33271-1675-4D0C-9570-0784D9928781}.Debug|Any CPU.Build.0 = Debug|Any CPU
		{E3B33271-1675-4D0C-9570-0784D9928781}.Release|Any CPU.ActiveCfg = Release|Any CPU
		{E3B33271-1675-4D0C-9570-0784D9928781}.Release|Any CPU.Build.0 = Release|Any CPU
		{978096C4-2AAC-4D31-93BD-870247D82EC6}.Debug|Any CPU.ActiveCfg = Debug|Any CPU
		{978096C4-2AAC-4D31-93BD-870247D82EC6}.Debug|Any CPU.Build.0 = Debug|Any CPU
		{978096C4-2AAC-4D31-93BD-870247D82EC6}.Release|Any CPU.ActiveCfg = Release|Any CPU
		{978096C4-2AAC-4D31-93BD-870247D82EC6}.Release|Any CPU.Build.0 = Release|Any CPU
		{965D2C67-EFB8-4549-AD67-3AF4C13B3814}.Debug|Any CPU.ActiveCfg = Debug|Any CPU
		{965D2C67-EFB8-4549-AD67-3AF4C13B3814}.Debug|Any CPU.Build.0 = Debug|Any CPU
		{965D2C67-EFB8-4549-AD67-3AF4C13B3814}.Release|Any CPU.ActiveCfg = Release|Any CPU
		{965D2C67-EFB8-4549-AD67-3AF4C13B3814}.Release|Any CPU.Build.0 = Release|Any CPU
		{467DF7F1-E0AB-4145-ACFB-0AC96EDE74A2}.Debug|Any CPU.ActiveCfg = Debug|Any CPU
		{467DF7F1-E0AB-4145-ACFB-0AC96EDE74A2}.Debug|Any CPU.Build.0 = Debug|Any CPU
		{467DF7F1-E0AB-4145-ACFB-0AC96EDE74A2}.Release|Any CPU.ActiveCfg = Release|Any CPU
		{467DF7F1-E0AB-4145-ACFB-0AC96EDE74A2}.Release|Any CPU.Build.0 = Release|Any CPU
		{F1854F70-BEEC-4DA3-B4C5-B2761B885662}.Debug|Any CPU.ActiveCfg = Debug|Any CPU
		{F1854F70-BEEC-4DA3-B4C5-B2761B885662}.Debug|Any CPU.Build.0 = Debug|Any CPU
		{F1854F70-BEEC-4DA3-B4C5-B2761B885662}.Release|Any CPU.ActiveCfg = Release|Any CPU
		{F1854F70-BEEC-4DA3-B4C5-B2761B885662}.Release|Any CPU.Build.0 = Release|Any CPU
		{2D4E7063-5D4A-4E91-B299-4A1C27199E3D}.Debug|Any CPU.ActiveCfg = Debug|Any CPU
		{2D4E7063-5D4A-4E91-B299-4A1C27199E3D}.Debug|Any CPU.Build.0 = Debug|Any CPU
		{2D4E7063-5D4A-4E91-B299-4A1C27199E3D}.Release|Any CPU.ActiveCfg = Release|Any CPU
		{2D4E7063-5D4A-4E91-B299-4A1C27199E3D}.Release|Any CPU.Build.0 = Release|Any CPU
		{16A418FA-F1A3-4023-9175-537C82007390}.Debug|Any CPU.ActiveCfg = Debug|Any CPU
		{16A418FA-F1A3-4023-9175-537C82007390}.Debug|Any CPU.Build.0 = Debug|Any CPU
		{16A418FA-F1A3-4023-9175-537C82007390}.Release|Any CPU.ActiveCfg = Release|Any CPU
		{16A418FA-F1A3-4023-9175-537C82007390}.Release|Any CPU.Build.0 = Release|Any CPU
	EndGlobalSection
	GlobalSection(SolutionProperties) = preSolution
		HideSolutionNode = FALSE
	EndGlobalSection
	GlobalSection(ExtensibilityGlobals) = postSolution
		SolutionGuid = {F8E2ABFF-EC51-4EA2-9F0A-BFBC4FDBACAF}
	EndGlobalSection
EndGlobal
